
Microsoft Visual Studio Solution File, Format Version 12.00
# Visual Studio 16
Project("{FAE04EC0-301F-11D3-BF4B-00C04F79EFBC}") = "Assembly-CSharp", "Assembly-CSharp.csproj", "{0AAD5E4A-1DCE-74AC-742A-F41454DAC3EF}"
EndProject
Project("{FAE04EC0-301F-11D3-BF4B-00C04F79EFBC}") = "Assembly-CSharp-Editor", "Assembly-CSharp-Editor.csproj", "{C66B1E07-09EE-0BE4-F032-AB16F7F9E0F6}"
EndProject
Global
	GlobalSection(SolutionConfigurationPlatforms) = preSolution
		Debug|Any CPU = Debug|Any CPU
		Release|Any CPU = Release|Any CPU
	EndGlobalSection
	GlobalSection(ProjectConfigurationPlatforms) = postSolution
		{0AAD5E4A-1DCE-74AC-742A-F41454DAC3EF}.Debug|Any CPU.ActiveCfg = Debug|Any CPU
		{0AAD5E4A-1DCE-74AC-742A-F41454DAC3EF}.Debug|Any CPU.Build.0 = Debug|Any CPU
		{0AAD5E4A-1DCE-74AC-742A-F41454DAC3EF}.Release|Any CPU.ActiveCfg = Release|Any CPU
		{0AAD5E4A-1DCE-74AC-742A-F41454DAC3EF}.Release|Any CPU.Build.0 = Release|Any CPU
		{C66B1E07-09EE-0BE4-F032-AB16F7F9E0F6}.Debug|Any CPU.ActiveCfg = Debug|Any CPU
		{C66B1E07-09EE-0BE4-F032-AB16F7F9E0F6}.Debug|Any CPU.Build.0 = Debug|Any CPU
		{C66B1E07-09EE-0BE4-F032-AB16F7F9E0F6}.Release|Any CPU.ActiveCfg = Release|Any CPU
		{C66B1E07-09EE-0BE4-F032-AB16F7F9E0F6}.Release|Any CPU.Build.0 = Release|Any CPU
	EndGlobalSection
	GlobalSection(SolutionProperties) = preSolution
		HideSolutionNode = FALSE
	EndGlobalSection
EndGlobal
